
Microsoft Visual Studio Solution File, Format Version 12.00
# Visual Studio Version 17
VisualStudioVersion = 17.14.36603.0 d17.14
MinimumVisualStudioVersion = 10.0.40219.1
Project("{FAE04EC0-301F-11D3-BF4B-00C04F79EFBC}") = "Assignment1AlbyPROG3176", "Assignment1AlbyPROG3176.csproj", "{30524EFE-BB16-45EF-89AC-1AB99BB2B222}"
EndProject
Global
	GlobalSection(SolutionConfigurationPlatforms) = preSolution
		Debug|Any CPU = Debug|Any CPU
		Release|Any CPU = Release|Any CPU
	EndGlobalSection
	GlobalSection(ProjectConfigurationPlatforms) = postSolution
		{30524EFE-BB16-45EF-89AC-1AB99BB2B222}.Debug|Any CPU.ActiveCfg = Debug|Any CPU
		{30524EFE-BB16-45EF-89AC-1AB99BB2B222}.Debug|Any CPU.Build.0 = Debug|Any CPU
		{30524EFE-BB16-45EF-89AC-1AB99BB2B222}.Release|Any CPU.ActiveCfg = Release|Any CPU
		{30524EFE-BB16-45EF-89AC-1AB99BB2B222}.Release|Any CPU.Build.0 = Release|Any CPU
	EndGlobalSection
	GlobalSection(SolutionProperties) = preSolution
		HideSolutionNode = FALSE
	EndGlobalSection
	GlobalSection(ExtensibilityGlobals) = postSolution
		SolutionGuid = {8B222E80-7231-4513-A145-3DA7F461E095}
	EndGlobalSection
EndGlobal
